<?xml version="1.0"?>
<Project ToolsVersion="4.0" xmlns="http://schemas.microsoft.com/developer/msbuild/2003">
	<ItemGroup>
		<ClCompile Include="src\testApp.cpp">
			<Filter>src</Filter>
		</ClCompile>
		<ClCompile Include="src\main.cpp">
			<Filter>src</Filter>
		</ClCompile>
		<ClCompile Include="..\..\..\addons\ofxFTGL\src\ofxFTGLFont.cpp">
			<Filter>addons\ofxFTGL\src</Filter>
		</ClCompile>
		<ClCompile Include="..\..\..\addons\ofxTextSuite\src\ofxTextBlock.cpp">
			<Filter>addons\ofxTextSuite\src</Filter>
		</ClCompile>
	</ItemGroup>
	<ItemGroup>
		<Filter Include="src">
			<UniqueIdentifier>{d8376475-7454-4a24-b08a-aac121d3ad6f}</UniqueIdentifier>
		</Filter>
		<Filter Include="addons">
			<UniqueIdentifier>{71834f65-f3a9-211e-73b8-dc8563776aec}</UniqueIdentifier>
		</Filter>
		<Filter Include="addons\ofxFTGL">
			<UniqueIdentifier>{57563682-f5c8-32f7-8507-391bc1f1894f}</UniqueIdentifier>
		</Filter>
		<Filter Include="addons\ofxFTGL\src">
			<UniqueIdentifier>{dab99e66-bff9-d8fc-4903-714c828d436c}</UniqueIdentifier>
		</Filter>
		<Filter Include="addons\ofxFTGL\libs">
			<UniqueIdentifier>{a27be0c5-eba8-b296-a7fc-2d5d0a2aca0c}</UniqueIdentifier>
		</Filter>
		<Filter Include="addons\ofxFTGL\libs\FTGL">
			<UniqueIdentifier>{a1802bb1-f112-3ed7-7aa3-2dc0935bd9fb}</UniqueIdentifier>
		</Filter>
		<Filter Include="addons\ofxFTGL\libs\FTGL\include">
			<UniqueIdentifier>{193cbacb-1aee-e0f8-a1b8-adc6019848e6}</UniqueIdentifier>
		</Filter>
		<Filter Include="addons\ofxFTGL\libs\FTGL\include\FTGL">
			<UniqueIdentifier>{c73df1b7-81e5-1b03-29a4-6b8f3cd35731}</UniqueIdentifier>
		</Filter>
		<Filter Include="addons\ofxTextSuite">
			<UniqueIdentifier>{5fa61cfc-4bc7-6534-ee43-86b63916c246}</UniqueIdentifier>
		</Filter>
		<Filter Include="addons\ofxTextSuite\src">
			<UniqueIdentifier>{bb42da10-755c-8653-038f-ed11002f3418}</UniqueIdentifier>
		</Filter>
	</ItemGroup>
	<ItemGroup>
		<ClInclude Include="src\testApp.h">
			<Filter>src</Filter>
		</ClInclude>
		<ClInclude Include="..\..\..\addons\ofxFTGL\src\ofxFTGLFont.h">
			<Filter>addons\ofxFTGL\src</Filter>
		</ClInclude>
		<ClInclude Include="..\..\..\addons\ofxFTGL\libs\FTGL\include\FTGL\FTBBox.h">
			<Filter>addons\ofxFTGL\libs\FTGL\include\FTGL</Filter>
		</ClInclude>
		<ClInclude Include="..\..\..\addons\ofxFTGL\libs\FTGL\include\FTGL\FTBitmapGlyph.h">
			<Filter>addons\ofxFTGL\libs\FTGL\include\FTGL</Filter>
		</ClInclude>
		<ClInclude Include="..\..\..\addons\ofxFTGL\libs\FTGL\include\FTGL\FTBuffer.h">
			<Filter>addons\ofxFTGL\libs\FTGL\include\FTGL</Filter>
		</ClInclude>
		<ClInclude Include="..\..\..\addons\ofxFTGL\libs\FTGL\include\FTGL\FTBufferFont.h">
			<Filter>addons\ofxFTGL\libs\FTGL\include\FTGL</Filter>
		</ClInclude>
		<ClInclude Include="..\..\..\addons\ofxFTGL\libs\FTGL\include\FTGL\FTBufferGlyph.h">
			<Filter>addons\ofxFTGL\libs\FTGL\include\FTGL</Filter>
		</ClInclude>
		<ClInclude Include="..\..\..\addons\ofxFTGL\libs\FTGL\include\FTGL\FTExtrdGlyph.h">
			<Filter>addons\ofxFTGL\libs\FTGL\include\FTGL</Filter>
		</ClInclude>
		<ClInclude Include="..\..\..\addons\ofxFTGL\libs\FTGL\include\FTGL\FTFont.h">
			<Filter>addons\ofxFTGL\libs\FTGL\include\FTGL</Filter>
		</ClInclude>
		<ClInclude Include="..\..\..\addons\ofxFTGL\libs\FTGL\include\FTGL\ftgl.h">
			<Filter>addons\ofxFTGL\libs\FTGL\include\FTGL</Filter>
		</ClInclude>
		<ClInclude Include="..\..\..\addons\ofxFTGL\libs\FTGL\include\FTGL\FTGLBitmapFont.h">
			<Filter>addons\ofxFTGL\libs\FTGL\include\FTGL</Filter>
		</ClInclude>
		<ClInclude Include="..\..\..\addons\ofxFTGL\libs\FTGL\include\FTGL\FTGLExtrdFont.h">
			<Filter>addons\ofxFTGL\libs\FTGL\include\FTGL</Filter>
		</ClInclude>
		<ClInclude Include="..\..\..\addons\ofxFTGL\libs\FTGL\include\FTGL\FTGLOutlineFont.h">
			<Filter>addons\ofxFTGL\libs\FTGL\include\FTGL</Filter>
		</ClInclude>
		<ClInclude Include="..\..\..\addons\ofxFTGL\libs\FTGL\include\FTGL\FTGLPixmapFont.h">
			<Filter>addons\ofxFTGL\libs\FTGL\include\FTGL</Filter>
		</ClInclude>
		<ClInclude Include="..\..\..\addons\ofxFTGL\libs\FTGL\include\FTGL\FTGLPolygonFont.h">
			<Filter>addons\ofxFTGL\libs\FTGL\include\FTGL</Filter>
		</ClInclude>
		<ClInclude Include="..\..\..\addons\ofxFTGL\libs\FTGL\include\FTGL\FTGLTextureFont.h">
			<Filter>addons\ofxFTGL\libs\FTGL\include\FTGL</Filter>
		</ClInclude>
		<ClInclude Include="..\..\..\addons\ofxFTGL\libs\FTGL\include\FTGL\FTGlyph.h">
			<Filter>addons\ofxFTGL\libs\FTGL\include\FTGL</Filter>
		</ClInclude>
		<ClInclude Include="..\..\..\addons\ofxFTGL\libs\FTGL\include\FTGL\FTLayout.h">
			<Filter>addons\ofxFTGL\libs\FTGL\include\FTGL</Filter>
		</ClInclude>
		<ClInclude Include="..\..\..\addons\ofxFTGL\libs\FTGL\include\FTGL\FTOutlineGlyph.h">
			<Filter>addons\ofxFTGL\libs\FTGL\include\FTGL</Filter>
		</ClInclude>
		<ClInclude Include="..\..\..\addons\ofxFTGL\libs\FTGL\include\FTGL\FTPixmapGlyph.h">
			<Filter>addons\ofxFTGL\libs\FTGL\include\FTGL</Filter>
		</ClInclude>
		<ClInclude Include="..\..\..\addons\ofxFTGL\libs\FTGL\include\FTGL\FTPoint.h">
			<Filter>addons\ofxFTGL\libs\FTGL\include\FTGL</Filter>
		</ClInclude>
		<ClInclude Include="..\..\..\addons\ofxFTGL\libs\FTGL\include\FTGL\FTPolyGlyph.h">
			<Filter>addons\ofxFTGL\libs\FTGL\include\FTGL</Filter>
		</ClInclude>
		<ClInclude Include="..\..\..\addons\ofxFTGL\libs\FTGL\include\FTGL\FTSimpleLayout.h">
			<Filter>addons\ofxFTGL\libs\FTGL\include\FTGL</Filter>
		</ClInclude>
		<ClInclude Include="..\..\..\addons\ofxFTGL\libs\FTGL\include\FTGL\FTTextureGlyph.h">
			<Filter>addons\ofxFTGL\libs\FTGL\include\FTGL</Filter>
		</ClInclude>
		<ClInclude Include="..\..\..\addons\ofxTextSuite\src\ofxTextBlock.h">
			<Filter>addons\ofxTextSuite\src</Filter>
		</ClInclude>
		<ClInclude Include="..\..\..\addons\ofxTextSuite\src\ofxTextSuite.h">
			<Filter>addons\ofxTextSuite\src</Filter>
		</ClInclude>
	</ItemGroup>
</Project>
